// !$*UTF8*$!
{
	archiveVersion = 1;
	classes = {
	};
	objectVersion = 56;
	objects = {

/* Begin PBXBuildFile section */
		7D8EEA112B9AFECC00E37BF4 /* RMCharacter.swift in Sources */ = {isa = PBXBuildFile; fileRef = 7D8EEA092B9AFECC00E37BF4 /* RMCharacter.swift */; };
		7D8EEA122B9AFECC00E37BF4 /* RMCharacterGender.swift in Sources */ = {isa = PBXBuildFile; fileRef = 7D8EEA0A2B9AFECC00E37BF4 /* RMCharacterGender.swift */; };
		7D8EEA132B9AFECC00E37BF4 /* RMCharacterStatus.swift in Sources */ = {isa = PBXBuildFile; fileRef = 7D8EEA0B2B9AFECC00E37BF4 /* RMCharacterStatus.swift */; };
		7D8EEA142B9AFECC00E37BF4 /* RMEpisode.swift in Sources */ = {isa = PBXBuildFile; fileRef = 7D8EEA0C2B9AFECC00E37BF4 /* RMEpisode.swift */; };
		7D8EEA152B9AFECC00E37BF4 /* RMLocation.swift in Sources */ = {isa = PBXBuildFile; fileRef = 7D8EEA0D2B9AFECC00E37BF4 /* RMLocation.swift */; };
		7D8EEA162B9AFECC00E37BF4 /* RMOrigin.swift in Sources */ = {isa = PBXBuildFile; fileRef = 7D8EEA0E2B9AFECC00E37BF4 /* RMOrigin.swift */; };
		7D8EEA172B9AFECC00E37BF4 /* RMSingleLocation.swift in Sources */ = {isa = PBXBuildFile; fileRef = 7D8EEA0F2B9AFECC00E37BF4 /* RMSingleLocation.swift */; };
		7D8EEA1A2B9B009600E37BF4 /* RMGetAllCharactersResponse.swift in Sources */ = {isa = PBXBuildFile; fileRef = 7D8EEA192B9B009600E37BF4 /* RMGetAllCharactersResponse.swift */; };
		7D96082B2B93F5F8007C6692 /* AppDelegate.swift in Sources */ = {isa = PBXBuildFile; fileRef = 7D96082A2B93F5F8007C6692 /* AppDelegate.swift */; };
		7D96082D2B93F5F8007C6692 /* SceneDelegate.swift in Sources */ = {isa = PBXBuildFile; fileRef = 7D96082C2B93F5F8007C6692 /* SceneDelegate.swift */; };
		7D96082F2B93F5F8007C6692 /* RMTabBarController.swift in Sources */ = {isa = PBXBuildFile; fileRef = 7D96082E2B93F5F8007C6692 /* RMTabBarController.swift */; };
		7D9608342B93F5FB007C6692 /* Assets.xcassets in Resources */ = {isa = PBXBuildFile; fileRef = 7D9608332B93F5FB007C6692 /* Assets.xcassets */; };
		7D9608372B93F5FB007C6692 /* LaunchScreen.storyboard in Resources */ = {isa = PBXBuildFile; fileRef = 7D9608352B93F5FB007C6692 /* LaunchScreen.storyboard */; };
		7D96084D2B93FB48007C6692 /* RMCharacterViewController.swift in Sources */ = {isa = PBXBuildFile; fileRef = 7D96084C2B93FB48007C6692 /* RMCharacterViewController.swift */; };
		7D96084F2B93FB83007C6692 /* RMLocationViewController.swift in Sources */ = {isa = PBXBuildFile; fileRef = 7D96084E2B93FB82007C6692 /* RMLocationViewController.swift */; };
		7D9608512B93FB96007C6692 /* RMEpisodeViewController.swift in Sources */ = {isa = PBXBuildFile; fileRef = 7D9608502B93FB96007C6692 /* RMEpisodeViewController.swift */; };
		7D9608532B93FBA8007C6692 /* RMSettingsViewController.swift in Sources */ = {isa = PBXBuildFile; fileRef = 7D9608522B93FBA8007C6692 /* RMSettingsViewController.swift */; };
		7D9608552B943FB5007C6692 /* RMService.swift in Sources */ = {isa = PBXBuildFile; fileRef = 7D9608542B943FB5007C6692 /* RMService.swift */; };
		7D9608572B943FCB007C6692 /* RMRequest.swift in Sources */ = {isa = PBXBuildFile; fileRef = 7D9608562B943FCB007C6692 /* RMRequest.swift */; };
		7D9608592B9724AF007C6692 /* RMEndpoint.swift in Sources */ = {isa = PBXBuildFile; fileRef = 7D9608582B9724AF007C6692 /* RMEndpoint.swift */; };
/* End PBXBuildFile section */

/* Begin PBXFileReference section */
		7D8EEA092B9AFECC00E37BF4 /* RMCharacter.swift */ = {isa = PBXFileReference; fileEncoding = 4; lastKnownFileType = sourcecode.swift; path = RMCharacter.swift; sourceTree = "<group>"; };
		7D8EEA0A2B9AFECC00E37BF4 /* RMCharacterGender.swift */ = {isa = PBXFileReference; fileEncoding = 4; lastKnownFileType = sourcecode.swift; path = RMCharacterGender.swift; sourceTree = "<group>"; };
		7D8EEA0B2B9AFECC00E37BF4 /* RMCharacterStatus.swift */ = {isa = PBXFileReference; fileEncoding = 4; lastKnownFileType = sourcecode.swift; path = RMCharacterStatus.swift; sourceTree = "<group>"; };
		7D8EEA0C2B9AFECC00E37BF4 /* RMEpisode.swift */ = {isa = PBXFileReference; fileEncoding = 4; lastKnownFileType = sourcecode.swift; path = RMEpisode.swift; sourceTree = "<group>"; };
		7D8EEA0D2B9AFECC00E37BF4 /* RMLocation.swift */ = {isa = PBXFileReference; fileEncoding = 4; lastKnownFileType = sourcecode.swift; path = RMLocation.swift; sourceTree = "<group>"; };
		7D8EEA0E2B9AFECC00E37BF4 /* RMOrigin.swift */ = {isa = PBXFileReference; fileEncoding = 4; lastKnownFileType = sourcecode.swift; path = RMOrigin.swift; sourceTree = "<group>"; };
		7D8EEA0F2B9AFECC00E37BF4 /* RMSingleLocation.swift */ = {isa = PBXFileReference; fileEncoding = 4; lastKnownFileType = sourcecode.swift; path = RMSingleLocation.swift; sourceTree = "<group>"; };
		7D8EEA192B9B009600E37BF4 /* RMGetAllCharactersResponse.swift */ = {isa = PBXFileReference; lastKnownFileType = sourcecode.swift; path = RMGetAllCharactersResponse.swift; sourceTree = "<group>"; };
		7D9608272B93F5F8007C6692 /* RickAndMorty.app */ = {isa = PBXFileReference; explicitFileType = wrapper.application; includeInIndex = 0; path = RickAndMorty.app; sourceTree = BUILT_PRODUCTS_DIR; };
		7D96082A2B93F5F8007C6692 /* AppDelegate.swift */ = {isa = PBXFileReference; lastKnownFileType = sourcecode.swift; path = AppDelegate.swift; sourceTree = "<group>"; };
		7D96082C2B93F5F8007C6692 /* SceneDelegate.swift */ = {isa = PBXFileReference; lastKnownFileType = sourcecode.swift; path = SceneDelegate.swift; sourceTree = "<group>"; };
		7D96082E2B93F5F8007C6692 /* RMTabBarController.swift */ = {isa = PBXFileReference; lastKnownFileType = sourcecode.swift; path = RMTabBarController.swift; sourceTree = "<group>"; };
		7D9608332B93F5FB007C6692 /* Assets.xcassets */ = {isa = PBXFileReference; lastKnownFileType = folder.assetcatalog; path = Assets.xcassets; sourceTree = "<group>"; };
		7D9608362B93F5FB007C6692 /* Base */ = {isa = PBXFileReference; lastKnownFileType = file.storyboard; name = Base; path = Base.lproj/LaunchScreen.storyboard; sourceTree = "<group>"; };
		7D9608382B93F5FB007C6692 /* Info.plist */ = {isa = PBXFileReference; lastKnownFileType = text.plist.xml; path = Info.plist; sourceTree = "<group>"; };
		7D96084C2B93FB48007C6692 /* RMCharacterViewController.swift */ = {isa = PBXFileReference; lastKnownFileType = sourcecode.swift; path = RMCharacterViewController.swift; sourceTree = "<group>"; };
		7D96084E2B93FB82007C6692 /* RMLocationViewController.swift */ = {isa = PBXFileReference; lastKnownFileType = sourcecode.swift; path = RMLocationViewController.swift; sourceTree = "<group>"; };
		7D9608502B93FB96007C6692 /* RMEpisodeViewController.swift */ = {isa = PBXFileReference; lastKnownFileType = sourcecode.swift; path = RMEpisodeViewController.swift; sourceTree = "<group>"; };
		7D9608522B93FBA8007C6692 /* RMSettingsViewController.swift */ = {isa = PBXFileReference; lastKnownFileType = sourcecode.swift; path = RMSettingsViewController.swift; sourceTree = "<group>"; };
		7D9608542B943FB5007C6692 /* RMService.swift */ = {isa = PBXFileReference; lastKnownFileType = sourcecode.swift; path = RMService.swift; sourceTree = "<group>"; };
		7D9608562B943FCB007C6692 /* RMRequest.swift */ = {isa = PBXFileReference; lastKnownFileType = sourcecode.swift; path = RMRequest.swift; sourceTree = "<group>"; };
		7D9608582B9724AF007C6692 /* RMEndpoint.swift */ = {isa = PBXFileReference; lastKnownFileType = sourcecode.swift; path = RMEndpoint.swift; sourceTree = "<group>"; };
/* End PBXFileReference section */

/* Begin PBXFrameworksBuildPhase section */
		7D9608242B93F5F8007C6692 /* Frameworks */ = {
			isa = PBXFrameworksBuildPhase;
			buildActionMask = 2147483647;
			files = (
			);
			runOnlyForDeploymentPostprocessing = 0;
		};
/* End PBXFrameworksBuildPhase section */

/* Begin PBXGroup section */
		7D3730132B9AFDB000C41384 /* Models */ = {
			isa = PBXGroup;
			children = (
				7D8EEA182B9B007400E37BF4 /* APIResponseTypes */,
				7D8EEA102B9AFECC00E37BF4 /* DataTypes */,
			);
			path = Models;
			sourceTree = "<group>";
		};
		7D8EEA102B9AFECC00E37BF4 /* DataTypes */ = {
			isa = PBXGroup;
			children = (
				7D8EEA092B9AFECC00E37BF4 /* RMCharacter.swift */,
				7D8EEA0A2B9AFECC00E37BF4 /* RMCharacterGender.swift */,
				7D8EEA0B2B9AFECC00E37BF4 /* RMCharacterStatus.swift */,
				7D8EEA0C2B9AFECC00E37BF4 /* RMEpisode.swift */,
				7D8EEA0D2B9AFECC00E37BF4 /* RMLocation.swift */,
				7D8EEA0E2B9AFECC00E37BF4 /* RMOrigin.swift */,
				7D8EEA0F2B9AFECC00E37BF4 /* RMSingleLocation.swift */,
			);
			path = DataTypes;
			sourceTree = "<group>";
		};
		7D8EEA182B9B007400E37BF4 /* APIResponseTypes */ = {
			isa = PBXGroup;
			children = (
				7D8EEA192B9B009600E37BF4 /* RMGetAllCharactersResponse.swift */,
			);
			path = APIResponseTypes;
			sourceTree = "<group>";
		};
		7D96081E2B93F5F8007C6692 = {
			isa = PBXGroup;
			children = (
				7D9608292B93F5F8007C6692 /* RickAndMorty */,
				7D9608282B93F5F8007C6692 /* Products */,
			);
			sourceTree = "<group>";
		};
		7D9608282B93F5F8007C6692 /* Products */ = {
			isa = PBXGroup;
			children = (
				7D9608272B93F5F8007C6692 /* RickAndMorty.app */,
			);
			name = Products;
			sourceTree = "<group>";
		};
		7D9608292B93F5F8007C6692 /* RickAndMorty */ = {
			isa = PBXGroup;
			children = (
				7D9608442B93F920007C6692 /* Resources */,
				7D9608432B93F915007C6692 /* Managers */,
				7D9608422B93F908007C6692 /* APIClient */,
				7D9608412B93F8F0007C6692 /* ViewModels */,
				7D96083E2B93F8CD007C6692 /* Views */,
				7D3730132B9AFDB000C41384 /* Models */,
				7D9608402B93F8DD007C6692 /* Controllers */,
				7D9608382B93F5FB007C6692 /* Info.plist */,
			);
			path = RickAndMorty;
			sourceTree = "<group>";
		};
		7D96083E2B93F8CD007C6692 /* Views */ = {
			isa = PBXGroup;
			children = (
			);
			path = Views;
			sourceTree = "<group>";
		};
		7D9608402B93F8DD007C6692 /* Controllers */ = {
			isa = PBXGroup;
			children = (
				7D96084B2B93FACE007C6692 /* Core */,
			);
			path = Controllers;
			sourceTree = "<group>";
		};
		7D9608412B93F8F0007C6692 /* ViewModels */ = {
			isa = PBXGroup;
			children = (
			);
			path = ViewModels;
			sourceTree = "<group>";
		};
		7D9608422B93F908007C6692 /* APIClient */ = {
			isa = PBXGroup;
			children = (
				7D9608542B943FB5007C6692 /* RMService.swift */,
				7D9608562B943FCB007C6692 /* RMRequest.swift */,
				7D9608582B9724AF007C6692 /* RMEndpoint.swift */,
			);
			path = APIClient;
			sourceTree = "<group>";
		};
		7D9608432B93F915007C6692 /* Managers */ = {
			isa = PBXGroup;
			children = (
			);
			path = Managers;
			sourceTree = "<group>";
		};
		7D9608442B93F920007C6692 /* Resources */ = {
			isa = PBXGroup;
			children = (
				7D96082A2B93F5F8007C6692 /* AppDelegate.swift */,
				7D9608332B93F5FB007C6692 /* Assets.xcassets */,
				7D9608352B93F5FB007C6692 /* LaunchScreen.storyboard */,
				7D96082C2B93F5F8007C6692 /* SceneDelegate.swift */,
			);
			path = Resources;
			sourceTree = "<group>";
		};
		7D96084B2B93FACE007C6692 /* Core */ = {
			isa = PBXGroup;
			children = (
				7D96082E2B93F5F8007C6692 /* RMTabBarController.swift */,
				7D96084C2B93FB48007C6692 /* RMCharacterViewController.swift */,
				7D96084E2B93FB82007C6692 /* RMLocationViewController.swift */,
				7D9608502B93FB96007C6692 /* RMEpisodeViewController.swift */,
				7D9608522B93FBA8007C6692 /* RMSettingsViewController.swift */,
			);
			path = Core;
			sourceTree = "<group>";
		};
/* End PBXGroup section */

/* Begin PBXNativeTarget section */
		7D9608262B93F5F8007C6692 /* RickAndMorty */ = {
			isa = PBXNativeTarget;
			buildConfigurationList = 7D96083B2B93F5FB007C6692 /* Build configuration list for PBXNativeTarget "RickAndMorty" */;
			buildPhases = (
				7D9608232B93F5F8007C6692 /* Sources */,
				7D9608242B93F5F8007C6692 /* Frameworks */,
				7D9608252B93F5F8007C6692 /* Resources */,
			);
			buildRules = (
			);
			dependencies = (
			);
			name = RickAndMorty;
			productName = RickAndMorty;
			productReference = 7D9608272B93F5F8007C6692 /* RickAndMorty.app */;
			productType = "com.apple.product-type.application";
		};
/* End PBXNativeTarget section */

/* Begin PBXProject section */
		7D96081F2B93F5F8007C6692 /* Project object */ = {
			isa = PBXProject;
			attributes = {
				BuildIndependentTargetsInParallel = 1;
				LastSwiftUpdateCheck = 1520;
				LastUpgradeCheck = 1520;
				TargetAttributes = {
					7D9608262B93F5F8007C6692 = {
						CreatedOnToolsVersion = 15.2;
					};
				};
			};
			buildConfigurationList = 7D9608222B93F5F8007C6692 /* Build configuration list for PBXProject "RickAndMorty" */;
			compatibilityVersion = "Xcode 14.0";
			developmentRegion = en;
			hasScannedForEncodings = 0;
			knownRegions = (
				en,
				Base,
			);
			mainGroup = 7D96081E2B93F5F8007C6692;
			productRefGroup = 7D9608282B93F5F8007C6692 /* Products */;
			projectDirPath = "";
			projectRoot = "";
			targets = (
				7D9608262B93F5F8007C6692 /* RickAndMorty */,
			);
		};
/* End PBXProject section */

/* Begin PBXResourcesBuildPhase section */
		7D9608252B93F5F8007C6692 /* Resources */ = {
			isa = PBXResourcesBuildPhase;
			buildActionMask = 2147483647;
			files = (
				7D9608372B93F5FB007C6692 /* LaunchScreen.storyboard in Resources */,
				7D9608342B93F5FB007C6692 /* Assets.xcassets in Resources */,
			);
			runOnlyForDeploymentPostprocessing = 0;
		};
/* End PBXResourcesBuildPhase section */

/* Begin PBXSourcesBuildPhase section */
		7D9608232B93F5F8007C6692 /* Sources */ = {
			isa = PBXSourcesBuildPhase;
			buildActionMask = 2147483647;
			files = (
				7D8EEA162B9AFECC00E37BF4 /* RMOrigin.swift in Sources */,
				7D96084F2B93FB83007C6692 /* RMLocationViewController.swift in Sources */,
				7D8EEA1A2B9B009600E37BF4 /* RMGetAllCharactersResponse.swift in Sources */,
				7D96082F2B93F5F8007C6692 /* RMTabBarController.swift in Sources */,
				7D8EEA142B9AFECC00E37BF4 /* RMEpisode.swift in Sources */,
				7D9608512B93FB96007C6692 /* RMEpisodeViewController.swift in Sources */,
				7D96082B2B93F5F8007C6692 /* AppDelegate.swift in Sources */,
				7D96082D2B93F5F8007C6692 /* SceneDelegate.swift in Sources */,
				7D9608532B93FBA8007C6692 /* RMSettingsViewController.swift in Sources */,
				7D8EEA152B9AFECC00E37BF4 /* RMLocation.swift in Sources */,
				7D9608552B943FB5007C6692 /* RMService.swift in Sources */,
				7D9608592B9724AF007C6692 /* RMEndpoint.swift in Sources */,
				7D8EEA132B9AFECC00E37BF4 /* RMCharacterStatus.swift in Sources */,
				7D8EEA172B9AFECC00E37BF4 /* RMSingleLocation.swift in Sources */,
				7D9608572B943FCB007C6692 /* RMRequest.swift in Sources */,
				7D96084D2B93FB48007C6692 /* RMCharacterViewController.swift in Sources */,
				7D8EEA112B9AFECC00E37BF4 /* RMCharacter.swift in Sources */,
				7D8EEA122B9AFECC00E37BF4 /* RMCharacterGender.swift in Sources */,
			);
			runOnlyForDeploymentPostprocessing = 0;
		};
/* End PBXSourcesBuildPhase section */

/* Begin PBXVariantGroup section */
		7D9608352B93F5FB007C6692 /* LaunchScreen.storyboard */ = {
			isa = PBXVariantGroup;
			children = (
				7D9608362B93F5FB007C6692 /* Base */,
			);
			name = LaunchScreen.storyboard;
			sourceTree = "<group>";
		};
/* End PBXVariantGroup section */

/* Begin XCBuildConfiguration section */
		7D9608392B93F5FB007C6692 /* Debug */ = {
			isa = XCBuildConfiguration;
			buildSettings = {
				ALWAYS_SEARCH_USER_PATHS = NO;
				ASSETCATALOG_COMPILER_GENERATE_SWIFT_ASSET_SYMBOL_EXTENSIONS = YES;
				CLANG_ANALYZER_NONNULL = YES;
				CLANG_ANALYZER_NUMBER_OBJECT_CONVERSION = YES_AGGRESSIVE;
				CLANG_CXX_LANGUAGE_STANDARD = "gnu++20";
				CLANG_ENABLE_MODULES = YES;
				CLANG_ENABLE_OBJC_ARC = YES;
				CLANG_ENABLE_OBJC_WEAK = YES;
				CLANG_WARN_BLOCK_CAPTURE_AUTORELEASING = YES;
				CLANG_WARN_BOOL_CONVERSION = YES;
				CLANG_WARN_COMMA = YES;
				CLANG_WARN_CONSTANT_CONVERSION = YES;
				CLANG_WARN_DEPRECATED_OBJC_IMPLEMENTATIONS = YES;
				CLANG_WARN_DIRECT_OBJC_ISA_USAGE = YES_ERROR;
				CLANG_WARN_DOCUMENTATION_COMMENTS = YES;
				CLANG_WARN_EMPTY_BODY = YES;
				CLANG_WARN_ENUM_CONVERSION = YES;
				CLANG_WARN_INFINITE_RECURSION = YES;
				CLANG_WARN_INT_CONVERSION = YES;
				CLANG_WARN_NON_LITERAL_NULL_CONVERSION = YES;
				CLANG_WARN_OBJC_IMPLICIT_RETAIN_SELF = YES;
				CLANG_WARN_OBJC_LITERAL_CONVERSION = YES;
				CLANG_WARN_OBJC_ROOT_CLASS = YES_ERROR;
				CLANG_WARN_QUOTED_INCLUDE_IN_FRAMEWORK_HEADER = YES;
				CLANG_WARN_RANGE_LOOP_ANALYSIS = YES;
				CLANG_WARN_STRICT_PROTOTYPES = YES;
				CLANG_WARN_SUSPICIOUS_MOVE = YES;
				CLANG_WARN_UNGUARDED_AVAILABILITY = YES_AGGRESSIVE;
				CLANG_WARN_UNREACHABLE_CODE = YES;
				CLANG_WARN__DUPLICATE_METHOD_MATCH = YES;
				COPY_PHASE_STRIP = NO;
				DEBUG_INFORMATION_FORMAT = dwarf;
				ENABLE_STRICT_OBJC_MSGSEND = YES;
				ENABLE_TESTABILITY = YES;
				ENABLE_USER_SCRIPT_SANDBOXING = YES;
				GCC_C_LANGUAGE_STANDARD = gnu17;
				GCC_DYNAMIC_NO_PIC = NO;
				GCC_NO_COMMON_BLOCKS = YES;
				GCC_OPTIMIZATION_LEVEL = 0;
				GCC_PREPROCESSOR_DEFINITIONS = (
					"DEBUG=1",
					"$(inherited)",
				);
				GCC_WARN_64_TO_32_BIT_CONVERSION = YES;
				GCC_WARN_ABOUT_RETURN_TYPE = YES_ERROR;
				GCC_WARN_UNDECLARED_SELECTOR = YES;
				GCC_WARN_UNINITIALIZED_AUTOS = YES_AGGRESSIVE;
				GCC_WARN_UNUSED_FUNCTION = YES;
				GCC_WARN_UNUSED_VARIABLE = YES;
				IPHONEOS_DEPLOYMENT_TARGET = 17.2;
				LOCALIZATION_PREFERS_STRING_CATALOGS = YES;
				MTL_ENABLE_DEBUG_INFO = INCLUDE_SOURCE;
				MTL_FAST_MATH = YES;
				ONLY_ACTIVE_ARCH = YES;
				SDKROOT = iphoneos;
				SWIFT_ACTIVE_COMPILATION_CONDITIONS = "DEBUG $(inherited)";
				SWIFT_OPTIMIZATION_LEVEL = "-Onone";
			};
			name = Debug;
		};
		7D96083A2B93F5FB007C6692 /* Release */ = {
			isa = XCBuildConfiguration;
			buildSettings = {
				ALWAYS_SEARCH_USER_PATHS = NO;
				ASSETCATALOG_COMPILER_GENERATE_SWIFT_ASSET_SYMBOL_EXTENSIONS = YES;
				CLANG_ANALYZER_NONNULL = YES;
				CLANG_ANALYZER_NUMBER_OBJECT_CONVERSION = YES_AGGRESSIVE;
				CLANG_CXX_LANGUAGE_STANDARD = "gnu++20";
				CLANG_ENABLE_MODULES = YES;
				CLANG_ENABLE_OBJC_ARC = YES;
				CLANG_ENABLE_OBJC_WEAK = YES;
				CLANG_WARN_BLOCK_CAPTURE_AUTORELEASING = YES;
				CLANG_WARN_BOOL_CONVERSION = YES;
				CLANG_WARN_COMMA = YES;
				CLANG_WARN_CONSTANT_CONVERSION = YES;
				CLANG_WARN_DEPRECATED_OBJC_IMPLEMENTATIONS = YES;
				CLANG_WARN_DIRECT_OBJC_ISA_USAGE = YES_ERROR;
				CLANG_WARN_DOCUMENTATION_COMMENTS = YES;
				CLANG_WARN_EMPTY_BODY = YES;
				CLANG_WARN_ENUM_CONVERSION = YES;
				CLANG_WARN_INFINITE_RECURSION = YES;
				CLANG_WARN_INT_CONVERSION = YES;
				CLANG_WARN_NON_LITERAL_NULL_CONVERSION = YES;
				CLANG_WARN_OBJC_IMPLICIT_RETAIN_SELF = YES;
				CLANG_WARN_OBJC_LITERAL_CONVERSION = YES;
				CLANG_WARN_OBJC_ROOT_CLASS = YES_ERROR;
				CLANG_WARN_QUOTED_INCLUDE_IN_FRAMEWORK_HEADER = YES;
				CLANG_WARN_RANGE_LOOP_ANALYSIS = YES;
				CLANG_WARN_STRICT_PROTOTYPES = YES;
				CLANG_WARN_SUSPICIOUS_MOVE = YES;
				CLANG_WARN_UNGUARDED_AVAILABILITY = YES_AGGRESSIVE;
				CLANG_WARN_UNREACHABLE_CODE = YES;
				CLANG_WARN__DUPLICATE_METHOD_MATCH = YES;
				COPY_PHASE_STRIP = NO;
				DEBUG_INFORMATION_FORMAT = "dwarf-with-dsym";
				ENABLE_NS_ASSERTIONS = NO;
				ENABLE_STRICT_OBJC_MSGSEND = YES;
				ENABLE_USER_SCRIPT_SANDBOXING = YES;
				GCC_C_LANGUAGE_STANDARD = gnu17;
				GCC_NO_COMMON_BLOCKS = YES;
				GCC_WARN_64_TO_32_BIT_CONVERSION = YES;
				GCC_WARN_ABOUT_RETURN_TYPE = YES_ERROR;
				GCC_WARN_UNDECLARED_SELECTOR = YES;
				GCC_WARN_UNINITIALIZED_AUTOS = YES_AGGRESSIVE;
				GCC_WARN_UNUSED_FUNCTION = YES;
				GCC_WARN_UNUSED_VARIABLE = YES;
				IPHONEOS_DEPLOYMENT_TARGET = 17.2;
				LOCALIZATION_PREFERS_STRING_CATALOGS = YES;
				MTL_ENABLE_DEBUG_INFO = NO;
				MTL_FAST_MATH = YES;
				SDKROOT = iphoneos;
				SWIFT_COMPILATION_MODE = wholemodule;
				VALIDATE_PRODUCT = YES;
			};
			name = Release;
		};
		7D96083C2B93F5FB007C6692 /* Debug */ = {
			isa = XCBuildConfiguration;
			buildSettings = {
				ASSETCATALOG_COMPILER_APPICON_NAME = AppIcon;
				ASSETCATALOG_COMPILER_GLOBAL_ACCENT_COLOR_NAME = AccentColor;
				CODE_SIGN_STYLE = Automatic;
				CURRENT_PROJECT_VERSION = 1;
				DEVELOPMENT_TEAM = K9MTQPU33J;
				GENERATE_INFOPLIST_FILE = YES;
				INFOPLIST_FILE = RickAndMorty/Info.plist;
				INFOPLIST_KEY_UIApplicationSupportsIndirectInputEvents = YES;
				INFOPLIST_KEY_UILaunchStoryboardName = LaunchScreen;
				INFOPLIST_KEY_UISupportedInterfaceOrientations_iPad = "UIInterfaceOrientationPortrait UIInterfaceOrientationPortraitUpsideDown UIInterfaceOrientationLandscapeLeft UIInterfaceOrientationLandscapeRight";
				INFOPLIST_KEY_UISupportedInterfaceOrientations_iPhone = "UIInterfaceOrientationPortrait UIInterfaceOrientationLandscapeLeft UIInterfaceOrientationLandscapeRight";
				LD_RUNPATH_SEARCH_PATHS = (
					"$(inherited)",
					"@executable_path/Frameworks",
				);
				MARKETING_VERSION = 1.0;
				PRODUCT_BUNDLE_IDENTIFIER = io.umairabdsalam.RickAndMorty;
				PRODUCT_NAME = "$(TARGET_NAME)";
				SWIFT_EMIT_LOC_STRINGS = YES;
				SWIFT_VERSION = 5.0;
				TARGETED_DEVICE_FAMILY = "1,2";
			};
			name = Debug;
		};
		7D96083D2B93F5FB007C6692 /* Release */ = {
			isa = XCBuildConfiguration;
			buildSettings = {
				ASSETCATALOG_COMPILER_APPICON_NAME = AppIcon;
				ASSETCATALOG_COMPILER_GLOBAL_ACCENT_COLOR_NAME = AccentColor;
				CODE_SIGN_STYLE = Automatic;
				CURRENT_PROJECT_VERSION = 1;
				DEVELOPMENT_TEAM = K9MTQPU33J;
				GENERATE_INFOPLIST_FILE = YES;
				INFOPLIST_FILE = RickAndMorty/Info.plist;
				INFOPLIST_KEY_UIApplicationSupportsIndirectInputEvents = YES;
				INFOPLIST_KEY_UILaunchStoryboardName = LaunchScreen;
				INFOPLIST_KEY_UISupportedInterfaceOrientations_iPad = "UIInterfaceOrientationPortrait UIInterfaceOrientationPortraitUpsideDown UIInterfaceOrientationLandscapeLeft UIInterfaceOrientationLandscapeRight";
				INFOPLIST_KEY_UISupportedInterfaceOrientations_iPhone = "UIInterfaceOrientationPortrait UIInterfaceOrientationLandscapeLeft UIInterfaceOrientationLandscapeRight";
				LD_RUNPATH_SEARCH_PATHS = (
					"$(inherited)",
					"@executable_path/Frameworks",
				);
				MARKETING_VERSION = 1.0;
				PRODUCT_BUNDLE_IDENTIFIER = io.umairabdsalam.RickAndMorty;
				PRODUCT_NAME = "$(TARGET_NAME)";
				SWIFT_EMIT_LOC_STRINGS = YES;
				SWIFT_VERSION = 5.0;
				TARGETED_DEVICE_FAMILY = "1,2";
			};
			name = Release;
		};
/* End XCBuildConfiguration section */

/* Begin XCConfigurationList section */
		7D9608222B93F5F8007C6692 /* Build configuration list for PBXProject "RickAndMorty" */ = {
			isa = XCConfigurationList;
			buildConfigurations = (
				7D9608392B93F5FB007C6692 /* Debug */,
				7D96083A2B93F5FB007C6692 /* Release */,
			);
			defaultConfigurationIsVisible = 0;
			defaultConfigurationName = Release;
		};
		7D96083B2B93F5FB007C6692 /* Build configuration list for PBXNativeTarget "RickAndMorty" */ = {
			isa = XCConfigurationList;
			buildConfigurations = (
				7D96083C2B93F5FB007C6692 /* Debug */,
				7D96083D2B93F5FB007C6692 /* Release */,
			);
			defaultConfigurationIsVisible = 0;
			defaultConfigurationName = Release;
		};
/* End XCConfigurationList section */
	};
	rootObject = 7D96081F2B93F5F8007C6692 /* Project object */;
}
